<?xml version="1.0" encoding="utf-8"?>
<Project ToolsVersion="4.0" xmlns="http://schemas.microsoft.com/developer/msbuild/2003">
  <ItemGroup>
    <ClCompile Include="WinMain.cpp" />
    <ClCompile Include="window_functions.cpp">
      <Filter>Windows Helpers</Filter>
    </ClCompile>
    <ClCompile Include="read_ply.cpp">
      <Filter>UTILS/MISC</Filter>
    </ClCompile>
    <ClCompile Include="vector.cpp">
      <Filter>UTILS/MISC</Filter>
    </ClCompile>
    <ClCompile Include="Color.cpp">
      <Filter>Color</Filter>
    </ClCompile>
    <ClCompile Include="Camera.cpp">
      <Filter>Camera</Filter>
    </ClCompile>
    <ClCompile Include="Voxel.cpp" />
    <ClCompile Include="Quaternion.cpp">
      <Filter>Quaternion</Filter>
    </ClCompile>
    <ClCompile Include="old_reference_functions.c" />
    <ClCompile Include="Input.cpp">
      <Filter>Input</Filter>
    </ClCompile>
    <ClCompile Include="Object.cpp">
      <Filter>Object</Filter>
    </ClCompile>
  </ItemGroup>
  <ItemGroup>
    <ClInclude Include="Camera.h">
      <Filter>Camera</Filter>
    </ClInclude>
    <ClInclude Include="platform_common.h">
      <Filter>UTILS/MISC</Filter>
    </ClInclude>
    <ClInclude Include="Vector.h">
      <Filter>UTILS/MISC</Filter>
    </ClInclude>
    <ClInclude Include="window_functions.h">
      <Filter>Windows Helpers</Filter>
    </ClInclude>
    <ClInclude Include="Trixel.h">
      <Filter>Trixel</Filter>
    </ClInclude>
    <ClInclude Include="vector.cuh">
      <Filter>UTILS/MISC</Filter>
    </ClInclude>
    <ClInclude Include="sort.h">
      <Filter>UTILS/MISC</Filter>
    </ClInclude>
    <ClInclude Include="Color.h">
      <Filter>Color</Filter>
    </ClInclude>
    <ClInclude Include="Voxel.h" />
    <ClInclude Include="Quaternion.h">
      <Filter>Quaternion</Filter>
    </ClInclude>
    <ClInclude Include="framework.cuh" />
    <ClInclude Include="typedefs.h">
      <Filter>UTILS/MISC</Filter>
    </ClInclude>
    <ClInclude Include="framework.h">
      <Filter>UTILS/MISC</Filter>
    </ClInclude>
    <ClInclude Include="Input.h">
      <Filter>Input</Filter>
    </ClInclude>
    <ClInclude Include="Object.h">
      <Filter>Object</Filter>
    </ClInclude>
  </ItemGroup>
  <ItemGroup>
    <Filter Include="Camera">
      <UniqueIdentifier>{79b5df87-714f-4fbc-9ac8-cf83fed57a97}</UniqueIdentifier>
    </Filter>
    <Filter Include="UTILS/MISC">
      <UniqueIdentifier>{7a96c175-f15d-46a2-a95a-4d476bdc83c0}</UniqueIdentifier>
    </Filter>
    <Filter Include="Windows Helpers">
      <UniqueIdentifier>{f2819046-7434-4463-820a-91658a7ea547}</UniqueIdentifier>
    </Filter>
    <Filter Include="Trixel">
      <UniqueIdentifier>{7c0c41c8-5299-44d9-8862-d5116c2693e2}</UniqueIdentifier>
    </Filter>
    <Filter Include="Color">
      <UniqueIdentifier>{dd9fc325-433e-4a3f-805a-aa037c897aff}</UniqueIdentifier>
    </Filter>
    <Filter Include="Voxel">
      <UniqueIdentifier>{a2113a79-b866-47b4-94ea-9b332fb0b951}</UniqueIdentifier>
    </Filter>
    <Filter Include="Quaternion">
      <UniqueIdentifier>{004af5c1-d568-4945-a77f-5e58dac36198}</UniqueIdentifier>
    </Filter>
    <Filter Include="Input">
      <UniqueIdentifier>{f549e2fc-e761-415b-b73d-e87cf15e407d}</UniqueIdentifier>
    </Filter>
    <Filter Include="Object">
      <UniqueIdentifier>{4fd3aaf1-2403-457c-a4cd-422ba0518a0f}</UniqueIdentifier>
    </Filter>
  </ItemGroup>
  <ItemGroup>
    <CudaCompile Include="Camera.cu">
      <Filter>Camera</Filter>
    </CudaCompile>
    <CudaCompile Include="Trixel.cu">
      <Filter>Trixel</Filter>
    </CudaCompile>
    <CudaCompile Include="vector.cu">
      <Filter>UTILS/MISC</Filter>
    </CudaCompile>
    <CudaCompile Include="Quaternion.cu">
      <Filter>Quaternion</Filter>
    </CudaCompile>
  </ItemGroup>
  <ItemGroup>
    <None Include="dump.ply" />
    <None Include="dump_test.ply" />
    <None Include="dragon_vrip_mod.ply" />
    <None Include="cpp.hint" />
  </ItemGroup>
</Project>